apiVersion: v1
kind: PersistentVolumeClaim
metadata:
  name: pvc-block
spec:
  accessModes:
    - ReadWriteOnce
  volumeMode: Block
  storageClassName: ps-gcp-fast
  resources:
    requests:
      storage: 20Gi
---
apiVersion: v1
kind: Pod
metadata:
  name: block-pod
spec:
  volumes:
    - name: block-vol
      persistentVolumeClaim:
        claimName: pvc-block
  containers:
    - name: block-ctr
      image: ubuntu
      command:
      - /bin/bash
      - "-c"
      - "sleep 60m"
      volumeDevices:
        - devicePath: /dev/block
          name: block-vol
      imagePullPolicy: IfNotPresent
